
Microsoft Visual Studio Solution File, Format Version 12.00
# Visual Studio 2013
VisualStudioVersion = 12.0.21005.1
MinimumVisualStudioVersion = 10.0.40219.1
Project("{FAE04EC0-301F-11D3-BF4B-00C04F79EFBC}") = "ConsoleDisplay.Common", "ConsoleDisplay.Common\ConsoleDisplay.Common.csproj", "{CC38E905-4CAF-4100-8125-8E6410F44CF2}"
EndProject
Project("{FAE04EC0-301F-11D3-BF4B-00C04F79EFBC}") = "ConsoleDisplay.Data", "ConsoleDisplay.Data\ConsoleDisplay.Data.csproj", "{F6C0A1D5-D04B-441F-BDE9-D3DF6085A613}"
	ProjectSection(ProjectDependencies) = postProject
		{CC38E905-4CAF-4100-8125-8E6410F44CF2} = {CC38E905-4CAF-4100-8125-8E6410F44CF2}
	EndProjectSection
EndProject
Project("{FAE04EC0-301F-11D3-BF4B-00C04F79EFBC}") = "ConsoleDisplay.Client", "ConsoleDisplay.Client\ConsoleDisplay.Client.csproj", "{E45A6477-A8C9-4970-AAB9-0C803A5CB1BD}"
	ProjectSection(ProjectDependencies) = postProject
		{CC38E905-4CAF-4100-8125-8E6410F44CF2} = {CC38E905-4CAF-4100-8125-8E6410F44CF2}
		{F6C0A1D5-D04B-441F-BDE9-D3DF6085A613} = {F6C0A1D5-D04B-441F-BDE9-D3DF6085A613}
	EndProjectSection
EndProject
Global
	GlobalSection(SolutionConfigurationPlatforms) = preSolution
		Debug|Any CPU = Debug|Any CPU
		Debug|Mixed Platforms = Debug|Mixed Platforms
		Debug|Win32 = Debug|Win32
		Release|Any CPU = Release|Any CPU
		Release|Mixed Platforms = Release|Mixed Platforms
		Release|Win32 = Release|Win32
	EndGlobalSection
	GlobalSection(ProjectConfigurationPlatforms) = postSolution
		{CC38E905-4CAF-4100-8125-8E6410F44CF2}.Debug|Any CPU.ActiveCfg = Debug|Any CPU
		{CC38E905-4CAF-4100-8125-8E6410F44CF2}.Debug|Any CPU.Build.0 = Debug|Any CPU
		{CC38E905-4CAF-4100-8125-8E6410F44CF2}.Debug|Mixed Platforms.ActiveCfg = Debug|Any CPU
		{CC38E905-4CAF-4100-8125-8E6410F44CF2}.Debug|Mixed Platforms.Build.0 = Debug|Any CPU
		{CC38E905-4CAF-4100-8125-8E6410F44CF2}.Debug|Win32.ActiveCfg = Debug|Any CPU
		{CC38E905-4CAF-4100-8125-8E6410F44CF2}.Release|Any CPU.ActiveCfg = Release|Any CPU
		{CC38E905-4CAF-4100-8125-8E6410F44CF2}.Release|Any CPU.Build.0 = Release|Any CPU
		{CC38E905-4CAF-4100-8125-8E6410F44CF2}.Release|Mixed Platforms.ActiveCfg = Release|Any CPU
		{CC38E905-4CAF-4100-8125-8E6410F44CF2}.Release|Mixed Platforms.Build.0 = Release|Any CPU
		{CC38E905-4CAF-4100-8125-8E6410F44CF2}.Release|Win32.ActiveCfg = Release|Any CPU
		{F6C0A1D5-D04B-441F-BDE9-D3DF6085A613}.Debug|Any CPU.ActiveCfg = Debug|Any CPU
		{F6C0A1D5-D04B-441F-BDE9-D3DF6085A613}.Debug|Any CPU.Build.0 = Debug|Any CPU
		{F6C0A1D5-D04B-441F-BDE9-D3DF6085A613}.Debug|Mixed Platforms.ActiveCfg = Debug|Any CPU
		{F6C0A1D5-D04B-441F-BDE9-D3DF6085A613}.Debug|Mixed Platforms.Build.0 = Debug|Any CPU
		{F6C0A1D5-D04B-441F-BDE9-D3DF6085A613}.Debug|Win32.ActiveCfg = Debug|Any CPU
		{F6C0A1D5-D04B-441F-BDE9-D3DF6085A613}.Release|Any CPU.ActiveCfg = Release|Any CPU
		{F6C0A1D5-D04B-441F-BDE9-D3DF6085A613}.Release|Any CPU.Build.0 = Release|Any CPU
		{F6C0A1D5-D04B-441F-BDE9-D3DF6085A613}.Release|Mixed Platforms.ActiveCfg = Release|Any CPU
		{F6C0A1D5-D04B-441F-BDE9-D3DF6085A613}.Release|Mixed Platforms.Build.0 = Release|Any CPU
		{F6C0A1D5-D04B-441F-BDE9-D3DF6085A613}.Release|Win32.ActiveCfg = Release|Any CPU
		{E45A6477-A8C9-4970-AAB9-0C803A5CB1BD}.Debug|Any CPU.ActiveCfg = Debug|Any CPU
		{E45A6477-A8C9-4970-AAB9-0C803A5CB1BD}.Debug|Any CPU.Build.0 = Debug|Any CPU
		{E45A6477-A8C9-4970-AAB9-0C803A5CB1BD}.Debug|Mixed Platforms.ActiveCfg = Debug|Any CPU
		{E45A6477-A8C9-4970-AAB9-0C803A5CB1BD}.Debug|Mixed Platforms.Build.0 = Debug|Any CPU
		{E45A6477-A8C9-4970-AAB9-0C803A5CB1BD}.Debug|Win32.ActiveCfg = Debug|Any CPU
		{E45A6477-A8C9-4970-AAB9-0C803A5CB1BD}.Release|Any CPU.ActiveCfg = Release|Any CPU
		{E45A6477-A8C9-4970-AAB9-0C803A5CB1BD}.Release|Any CPU.Build.0 = Release|Any CPU
		{E45A6477-A8C9-4970-AAB9-0C803A5CB1BD}.Release|Mixed Platforms.ActiveCfg = Release|Any CPU
		{E45A6477-A8C9-4970-AAB9-0C803A5CB1BD}.Release|Mixed Platforms.Build.0 = Release|Any CPU
		{E45A6477-A8C9-4970-AAB9-0C803A5CB1BD}.Release|Win32.ActiveCfg = Release|Any CPU
	EndGlobalSection
	GlobalSection(SolutionProperties) = preSolution
		HideSolutionNode = FALSE
	EndGlobalSection
EndGlobal
