
Microsoft Visual Studio Solution File, Format Version 12.00
# Visual Studio 2013
VisualStudioVersion = 12.0.21005.1
MinimumVisualStudioVersion = 10.0.40219.1
Project("{FAE04EC0-301F-11D3-BF4B-00C04F79EFBC}") = "CSharpNote.Common", "CSharpNote.Common\CSharpNote.Common.csproj", "{CC38E905-4CAF-4100-8125-8E6410F44CF2}"
EndProject
Project("{FAE04EC0-301F-11D3-BF4B-00C04F79EFBC}") = "CSharpNote.Client", "CSharpNote.Client\CSharpNote.Client.csproj", "{E45A6477-A8C9-4970-AAB9-0C803A5CB1BD}"
	ProjectSection(ProjectDependencies) = postProject
		{CC38E905-4CAF-4100-8125-8E6410F44CF2} = {CC38E905-4CAF-4100-8125-8E6410F44CF2}
		{66DD1B22-5C83-4193-9976-F6EC1F605712} = {66DD1B22-5C83-4193-9976-F6EC1F605712}
		{2A40B151-6678-4AE2-BC57-1A98CBBD933B} = {2A40B151-6678-4AE2-BC57-1A98CBBD933B}
		{481B896B-5B58-4E72-BF5F-248A91A31FDC} = {481B896B-5B58-4E72-BF5F-248A91A31FDC}
		{6DF5159D-7C4C-41B0-BD65-AED8D5F47382} = {6DF5159D-7C4C-41B0-BD65-AED8D5F47382}
		{5819D7A4-D71C-4758-ADB2-83C2F61F2BF1} = {5819D7A4-D71C-4758-ADB2-83C2F61F2BF1}
		{D4A301D1-681F-4E41-8F1A-AE7916E4FD60} = {D4A301D1-681F-4E41-8F1A-AE7916E4FD60}
	EndProjectSection
EndProject
Project("{2150E333-8FDC-42A3-9474-1A3956D46DE8}") = "4.Client", "4.Client", "{5AE80489-0E56-4A19-836A-8C6DFA4E5491}"
EndProject
Project("{2150E333-8FDC-42A3-9474-1A3956D46DE8}") = "3.Data", "3.Data", "{3961EEA2-1DB5-4D3B-9E75-DE7FA62C6DE1}"
EndProject
Project("{2150E333-8FDC-42A3-9474-1A3956D46DE8}") = "1.Common", "1.Common", "{2DE897D3-9291-48C9-AEBD-89B3B61E0FF3}"
EndProject
Project("{FAE04EC0-301F-11D3-BF4B-00C04F79EFBC}") = "CSharpNote.Data.AlgorithmMethod", "CSharpNote.Data.AlgorithmMethod\CSharpNote.Data.AlgorithmMethod.csproj", "{6DF5159D-7C4C-41B0-BD65-AED8D5F47382}"
	ProjectSection(ProjectDependencies) = postProject
		{CC38E905-4CAF-4100-8125-8E6410F44CF2} = {CC38E905-4CAF-4100-8125-8E6410F44CF2}
		{66DD1B22-5C83-4193-9976-F6EC1F605712} = {66DD1B22-5C83-4193-9976-F6EC1F605712}
	EndProjectSection
EndProject
Project("{FAE04EC0-301F-11D3-BF4B-00C04F79EFBC}") = "CSharpNote.Data.CSharpPracticeMethod", "CSharpNote.Data.CSharpPracticeMethod\CSharpNote.Data.CSharpPracticeMethod.csproj", "{481B896B-5B58-4E72-BF5F-248A91A31FDC}"
	ProjectSection(ProjectDependencies) = postProject
		{CC38E905-4CAF-4100-8125-8E6410F44CF2} = {CC38E905-4CAF-4100-8125-8E6410F44CF2}
		{66DD1B22-5C83-4193-9976-F6EC1F605712} = {66DD1B22-5C83-4193-9976-F6EC1F605712}
	EndProjectSection
EndProject
Project("{2150E333-8FDC-42A3-9474-1A3956D46DE8}") = "2.Core", "2.Core", "{EDCF83AA-CB58-4242-8567-0B7BA551B1C6}"
EndProject
Project("{FAE04EC0-301F-11D3-BF4B-00C04F79EFBC}") = "CSharpNote.Core", "CSharpNote.Core\CSharpNote.Core.csproj", "{66DD1B22-5C83-4193-9976-F6EC1F605712}"
	ProjectSection(ProjectDependencies) = postProject
		{CC38E905-4CAF-4100-8125-8E6410F44CF2} = {CC38E905-4CAF-4100-8125-8E6410F44CF2}
	EndProjectSection
EndProject
Project("{FAE04EC0-301F-11D3-BF4B-00C04F79EFBC}") = "CSharpNote.Data.DesignPatternMethod", "CSharpNote.Data.DesignPatternMethod\CSharpNote.Data.DesignPatternMethod.csproj", "{2A40B151-6678-4AE2-BC57-1A98CBBD933B}"
	ProjectSection(ProjectDependencies) = postProject
		{CC38E905-4CAF-4100-8125-8E6410F44CF2} = {CC38E905-4CAF-4100-8125-8E6410F44CF2}
		{66DD1B22-5C83-4193-9976-F6EC1F605712} = {66DD1B22-5C83-4193-9976-F6EC1F605712}
	EndProjectSection
EndProject
Project("{FAE04EC0-301F-11D3-BF4B-00C04F79EFBC}") = "CSharpNote.Data.DataStructureMethod", "CSharpNote.Data.DataStructureMethod\CSharpNote.Data.DataStructureMethod.csproj", "{D4A301D1-681F-4E41-8F1A-AE7916E4FD60}"
	ProjectSection(ProjectDependencies) = postProject
		{CC38E905-4CAF-4100-8125-8E6410F44CF2} = {CC38E905-4CAF-4100-8125-8E6410F44CF2}
		{66DD1B22-5C83-4193-9976-F6EC1F605712} = {66DD1B22-5C83-4193-9976-F6EC1F605712}
	EndProjectSection
EndProject
Project("{2150E333-8FDC-42A3-9474-1A3956D46DE8}") = "0.Test", "0.Test", "{7A686CFC-BDC1-4E6B-8D76-9D95143CC075}"
EndProject
Project("{FAE04EC0-301F-11D3-BF4B-00C04F79EFBC}") = "CSharpNote.Test.Core", "CSharpNote.Test.Core\CSharpNote.Test.Core.csproj", "{44DAC2F7-C969-4785-A716-1FBCCFB36510}"
	ProjectSection(ProjectDependencies) = postProject
		{CC38E905-4CAF-4100-8125-8E6410F44CF2} = {CC38E905-4CAF-4100-8125-8E6410F44CF2}
		{66DD1B22-5C83-4193-9976-F6EC1F605712} = {66DD1B22-5C83-4193-9976-F6EC1F605712}
	EndProjectSection
EndProject
Project("{FAE04EC0-301F-11D3-BF4B-00C04F79EFBC}") = "CSharpNote.Data.RepositoryManager", "CSharpNote.Data.RepositoryManager\CSharpNote.Data.RepositoryManager.csproj", "{5819D7A4-D71C-4758-ADB2-83C2F61F2BF1}"
	ProjectSection(ProjectDependencies) = postProject
		{CC38E905-4CAF-4100-8125-8E6410F44CF2} = {CC38E905-4CAF-4100-8125-8E6410F44CF2}
		{66DD1B22-5C83-4193-9976-F6EC1F605712} = {66DD1B22-5C83-4193-9976-F6EC1F605712}
	EndProjectSection
EndProject
Project("{FAE04EC0-301F-11D3-BF4B-00C04F79EFBC}") = "CSharpNote.Test.Data", "CSharpNote.Test.Data\CSharpNote.Test.Data.csproj", "{0A224D02-7437-4558-9DE5-B63C918769CD}"
EndProject
Global
	GlobalSection(SolutionConfigurationPlatforms) = preSolution
		Debug|Any CPU = Debug|Any CPU
		Debug|Mixed Platforms = Debug|Mixed Platforms
		Debug|Win32 = Debug|Win32
		Release|Any CPU = Release|Any CPU
		Release|Mixed Platforms = Release|Mixed Platforms
		Release|Win32 = Release|Win32
	EndGlobalSection
	GlobalSection(ProjectConfigurationPlatforms) = postSolution
		{CC38E905-4CAF-4100-8125-8E6410F44CF2}.Debug|Any CPU.ActiveCfg = Debug|Any CPU
		{CC38E905-4CAF-4100-8125-8E6410F44CF2}.Debug|Any CPU.Build.0 = Debug|Any CPU
		{CC38E905-4CAF-4100-8125-8E6410F44CF2}.Debug|Mixed Platforms.ActiveCfg = Debug|Any CPU
		{CC38E905-4CAF-4100-8125-8E6410F44CF2}.Debug|Mixed Platforms.Build.0 = Debug|Any CPU
		{CC38E905-4CAF-4100-8125-8E6410F44CF2}.Debug|Win32.ActiveCfg = Debug|Any CPU
		{CC38E905-4CAF-4100-8125-8E6410F44CF2}.Release|Any CPU.ActiveCfg = Release|Any CPU
		{CC38E905-4CAF-4100-8125-8E6410F44CF2}.Release|Any CPU.Build.0 = Release|Any CPU
		{CC38E905-4CAF-4100-8125-8E6410F44CF2}.Release|Mixed Platforms.ActiveCfg = Release|Any CPU
		{CC38E905-4CAF-4100-8125-8E6410F44CF2}.Release|Mixed Platforms.Build.0 = Release|Any CPU
		{CC38E905-4CAF-4100-8125-8E6410F44CF2}.Release|Win32.ActiveCfg = Release|Any CPU
		{E45A6477-A8C9-4970-AAB9-0C803A5CB1BD}.Debug|Any CPU.ActiveCfg = Debug|Any CPU
		{E45A6477-A8C9-4970-AAB9-0C803A5CB1BD}.Debug|Any CPU.Build.0 = Debug|Any CPU
		{E45A6477-A8C9-4970-AAB9-0C803A5CB1BD}.Debug|Mixed Platforms.ActiveCfg = Debug|Any CPU
		{E45A6477-A8C9-4970-AAB9-0C803A5CB1BD}.Debug|Mixed Platforms.Build.0 = Debug|Any CPU
		{E45A6477-A8C9-4970-AAB9-0C803A5CB1BD}.Debug|Win32.ActiveCfg = Debug|Any CPU
		{E45A6477-A8C9-4970-AAB9-0C803A5CB1BD}.Release|Any CPU.ActiveCfg = Release|Any CPU
		{E45A6477-A8C9-4970-AAB9-0C803A5CB1BD}.Release|Any CPU.Build.0 = Release|Any CPU
		{E45A6477-A8C9-4970-AAB9-0C803A5CB1BD}.Release|Mixed Platforms.ActiveCfg = Release|Any CPU
		{E45A6477-A8C9-4970-AAB9-0C803A5CB1BD}.Release|Mixed Platforms.Build.0 = Release|Any CPU
		{E45A6477-A8C9-4970-AAB9-0C803A5CB1BD}.Release|Win32.ActiveCfg = Release|Any CPU
		{6DF5159D-7C4C-41B0-BD65-AED8D5F47382}.Debug|Any CPU.ActiveCfg = Debug|Any CPU
		{6DF5159D-7C4C-41B0-BD65-AED8D5F47382}.Debug|Any CPU.Build.0 = Debug|Any CPU
		{6DF5159D-7C4C-41B0-BD65-AED8D5F47382}.Debug|Mixed Platforms.ActiveCfg = Debug|Any CPU
		{6DF5159D-7C4C-41B0-BD65-AED8D5F47382}.Debug|Mixed Platforms.Build.0 = Debug|Any CPU
		{6DF5159D-7C4C-41B0-BD65-AED8D5F47382}.Debug|Win32.ActiveCfg = Debug|Any CPU
		{6DF5159D-7C4C-41B0-BD65-AED8D5F47382}.Release|Any CPU.ActiveCfg = Release|Any CPU
		{6DF5159D-7C4C-41B0-BD65-AED8D5F47382}.Release|Any CPU.Build.0 = Release|Any CPU
		{6DF5159D-7C4C-41B0-BD65-AED8D5F47382}.Release|Mixed Platforms.ActiveCfg = Release|Any CPU
		{6DF5159D-7C4C-41B0-BD65-AED8D5F47382}.Release|Mixed Platforms.Build.0 = Release|Any CPU
		{6DF5159D-7C4C-41B0-BD65-AED8D5F47382}.Release|Win32.ActiveCfg = Release|Any CPU
		{481B896B-5B58-4E72-BF5F-248A91A31FDC}.Debug|Any CPU.ActiveCfg = Debug|Any CPU
		{481B896B-5B58-4E72-BF5F-248A91A31FDC}.Debug|Any CPU.Build.0 = Debug|Any CPU
		{481B896B-5B58-4E72-BF5F-248A91A31FDC}.Debug|Mixed Platforms.ActiveCfg = Debug|Any CPU
		{481B896B-5B58-4E72-BF5F-248A91A31FDC}.Debug|Mixed Platforms.Build.0 = Debug|Any CPU
		{481B896B-5B58-4E72-BF5F-248A91A31FDC}.Debug|Win32.ActiveCfg = Debug|Any CPU
		{481B896B-5B58-4E72-BF5F-248A91A31FDC}.Release|Any CPU.ActiveCfg = Release|Any CPU
		{481B896B-5B58-4E72-BF5F-248A91A31FDC}.Release|Any CPU.Build.0 = Release|Any CPU
		{481B896B-5B58-4E72-BF5F-248A91A31FDC}.Release|Mixed Platforms.ActiveCfg = Release|Any CPU
		{481B896B-5B58-4E72-BF5F-248A91A31FDC}.Release|Mixed Platforms.Build.0 = Release|Any CPU
		{481B896B-5B58-4E72-BF5F-248A91A31FDC}.Release|Win32.ActiveCfg = Release|Any CPU
		{66DD1B22-5C83-4193-9976-F6EC1F605712}.Debug|Any CPU.ActiveCfg = Debug|Any CPU
		{66DD1B22-5C83-4193-9976-F6EC1F605712}.Debug|Any CPU.Build.0 = Debug|Any CPU
		{66DD1B22-5C83-4193-9976-F6EC1F605712}.Debug|Mixed Platforms.ActiveCfg = Debug|Any CPU
		{66DD1B22-5C83-4193-9976-F6EC1F605712}.Debug|Mixed Platforms.Build.0 = Debug|Any CPU
		{66DD1B22-5C83-4193-9976-F6EC1F605712}.Debug|Win32.ActiveCfg = Debug|Any CPU
		{66DD1B22-5C83-4193-9976-F6EC1F605712}.Release|Any CPU.ActiveCfg = Release|Any CPU
		{66DD1B22-5C83-4193-9976-F6EC1F605712}.Release|Any CPU.Build.0 = Release|Any CPU
		{66DD1B22-5C83-4193-9976-F6EC1F605712}.Release|Mixed Platforms.ActiveCfg = Release|Any CPU
		{66DD1B22-5C83-4193-9976-F6EC1F605712}.Release|Mixed Platforms.Build.0 = Release|Any CPU
		{66DD1B22-5C83-4193-9976-F6EC1F605712}.Release|Win32.ActiveCfg = Release|Any CPU
		{2A40B151-6678-4AE2-BC57-1A98CBBD933B}.Debug|Any CPU.ActiveCfg = Debug|Any CPU
		{2A40B151-6678-4AE2-BC57-1A98CBBD933B}.Debug|Any CPU.Build.0 = Debug|Any CPU
		{2A40B151-6678-4AE2-BC57-1A98CBBD933B}.Debug|Mixed Platforms.ActiveCfg = Debug|Any CPU
		{2A40B151-6678-4AE2-BC57-1A98CBBD933B}.Debug|Mixed Platforms.Build.0 = Debug|Any CPU
		{2A40B151-6678-4AE2-BC57-1A98CBBD933B}.Debug|Win32.ActiveCfg = Debug|Any CPU
		{2A40B151-6678-4AE2-BC57-1A98CBBD933B}.Release|Any CPU.ActiveCfg = Release|Any CPU
		{2A40B151-6678-4AE2-BC57-1A98CBBD933B}.Release|Any CPU.Build.0 = Release|Any CPU
		{2A40B151-6678-4AE2-BC57-1A98CBBD933B}.Release|Mixed Platforms.ActiveCfg = Release|Any CPU
		{2A40B151-6678-4AE2-BC57-1A98CBBD933B}.Release|Mixed Platforms.Build.0 = Release|Any CPU
		{2A40B151-6678-4AE2-BC57-1A98CBBD933B}.Release|Win32.ActiveCfg = Release|Any CPU
		{D4A301D1-681F-4E41-8F1A-AE7916E4FD60}.Debug|Any CPU.ActiveCfg = Debug|Any CPU
		{D4A301D1-681F-4E41-8F1A-AE7916E4FD60}.Debug|Any CPU.Build.0 = Debug|Any CPU
		{D4A301D1-681F-4E41-8F1A-AE7916E4FD60}.Debug|Mixed Platforms.ActiveCfg = Debug|Any CPU
		{D4A301D1-681F-4E41-8F1A-AE7916E4FD60}.Debug|Mixed Platforms.Build.0 = Debug|Any CPU
		{D4A301D1-681F-4E41-8F1A-AE7916E4FD60}.Debug|Win32.ActiveCfg = Debug|Any CPU
		{D4A301D1-681F-4E41-8F1A-AE7916E4FD60}.Release|Any CPU.ActiveCfg = Release|Any CPU
		{D4A301D1-681F-4E41-8F1A-AE7916E4FD60}.Release|Any CPU.Build.0 = Release|Any CPU
		{D4A301D1-681F-4E41-8F1A-AE7916E4FD60}.Release|Mixed Platforms.ActiveCfg = Release|Any CPU
		{D4A301D1-681F-4E41-8F1A-AE7916E4FD60}.Release|Mixed Platforms.Build.0 = Release|Any CPU
		{D4A301D1-681F-4E41-8F1A-AE7916E4FD60}.Release|Win32.ActiveCfg = Release|Any CPU
		{44DAC2F7-C969-4785-A716-1FBCCFB36510}.Debug|Any CPU.ActiveCfg = Debug|Any CPU
		{44DAC2F7-C969-4785-A716-1FBCCFB36510}.Debug|Any CPU.Build.0 = Debug|Any CPU
		{44DAC2F7-C969-4785-A716-1FBCCFB36510}.Debug|Mixed Platforms.ActiveCfg = Debug|Any CPU
		{44DAC2F7-C969-4785-A716-1FBCCFB36510}.Debug|Mixed Platforms.Build.0 = Debug|Any CPU
		{44DAC2F7-C969-4785-A716-1FBCCFB36510}.Debug|Win32.ActiveCfg = Debug|Any CPU
		{44DAC2F7-C969-4785-A716-1FBCCFB36510}.Release|Any CPU.ActiveCfg = Release|Any CPU
		{44DAC2F7-C969-4785-A716-1FBCCFB36510}.Release|Any CPU.Build.0 = Release|Any CPU
		{44DAC2F7-C969-4785-A716-1FBCCFB36510}.Release|Mixed Platforms.ActiveCfg = Release|Any CPU
		{44DAC2F7-C969-4785-A716-1FBCCFB36510}.Release|Mixed Platforms.Build.0 = Release|Any CPU
		{44DAC2F7-C969-4785-A716-1FBCCFB36510}.Release|Win32.ActiveCfg = Release|Any CPU
		{5819D7A4-D71C-4758-ADB2-83C2F61F2BF1}.Debug|Any CPU.ActiveCfg = Debug|Any CPU
		{5819D7A4-D71C-4758-ADB2-83C2F61F2BF1}.Debug|Any CPU.Build.0 = Debug|Any CPU
		{5819D7A4-D71C-4758-ADB2-83C2F61F2BF1}.Debug|Mixed Platforms.ActiveCfg = Debug|Any CPU
		{5819D7A4-D71C-4758-ADB2-83C2F61F2BF1}.Debug|Mixed Platforms.Build.0 = Debug|Any CPU
		{5819D7A4-D71C-4758-ADB2-83C2F61F2BF1}.Debug|Win32.ActiveCfg = Debug|Any CPU
		{5819D7A4-D71C-4758-ADB2-83C2F61F2BF1}.Release|Any CPU.ActiveCfg = Release|Any CPU
		{5819D7A4-D71C-4758-ADB2-83C2F61F2BF1}.Release|Any CPU.Build.0 = Release|Any CPU
		{5819D7A4-D71C-4758-ADB2-83C2F61F2BF1}.Release|Mixed Platforms.ActiveCfg = Release|Any CPU
		{5819D7A4-D71C-4758-ADB2-83C2F61F2BF1}.Release|Mixed Platforms.Build.0 = Release|Any CPU
		{5819D7A4-D71C-4758-ADB2-83C2F61F2BF1}.Release|Win32.ActiveCfg = Release|Any CPU
		{0A224D02-7437-4558-9DE5-B63C918769CD}.Debug|Any CPU.ActiveCfg = Debug|Any CPU
		{0A224D02-7437-4558-9DE5-B63C918769CD}.Debug|Any CPU.Build.0 = Debug|Any CPU
		{0A224D02-7437-4558-9DE5-B63C918769CD}.Debug|Mixed Platforms.ActiveCfg = Debug|Any CPU
		{0A224D02-7437-4558-9DE5-B63C918769CD}.Debug|Mixed Platforms.Build.0 = Debug|Any CPU
		{0A224D02-7437-4558-9DE5-B63C918769CD}.Debug|Win32.ActiveCfg = Debug|Any CPU
		{0A224D02-7437-4558-9DE5-B63C918769CD}.Release|Any CPU.ActiveCfg = Release|Any CPU
		{0A224D02-7437-4558-9DE5-B63C918769CD}.Release|Any CPU.Build.0 = Release|Any CPU
		{0A224D02-7437-4558-9DE5-B63C918769CD}.Release|Mixed Platforms.ActiveCfg = Release|Any CPU
		{0A224D02-7437-4558-9DE5-B63C918769CD}.Release|Mixed Platforms.Build.0 = Release|Any CPU
		{0A224D02-7437-4558-9DE5-B63C918769CD}.Release|Win32.ActiveCfg = Release|Any CPU
	EndGlobalSection
	GlobalSection(SolutionProperties) = preSolution
		HideSolutionNode = FALSE
	EndGlobalSection
	GlobalSection(NestedProjects) = preSolution
		{CC38E905-4CAF-4100-8125-8E6410F44CF2} = {2DE897D3-9291-48C9-AEBD-89B3B61E0FF3}
		{E45A6477-A8C9-4970-AAB9-0C803A5CB1BD} = {5AE80489-0E56-4A19-836A-8C6DFA4E5491}
		{6DF5159D-7C4C-41B0-BD65-AED8D5F47382} = {3961EEA2-1DB5-4D3B-9E75-DE7FA62C6DE1}
		{481B896B-5B58-4E72-BF5F-248A91A31FDC} = {3961EEA2-1DB5-4D3B-9E75-DE7FA62C6DE1}
		{2A40B151-6678-4AE2-BC57-1A98CBBD933B} = {3961EEA2-1DB5-4D3B-9E75-DE7FA62C6DE1}
		{D4A301D1-681F-4E41-8F1A-AE7916E4FD60} = {3961EEA2-1DB5-4D3B-9E75-DE7FA62C6DE1}
		{5819D7A4-D71C-4758-ADB2-83C2F61F2BF1} = {3961EEA2-1DB5-4D3B-9E75-DE7FA62C6DE1}
		{66DD1B22-5C83-4193-9976-F6EC1F605712} = {EDCF83AA-CB58-4242-8567-0B7BA551B1C6}
		{44DAC2F7-C969-4785-A716-1FBCCFB36510} = {7A686CFC-BDC1-4E6B-8D76-9D95143CC075}
		{0A224D02-7437-4558-9DE5-B63C918769CD} = {7A686CFC-BDC1-4E6B-8D76-9D95143CC075}
	EndGlobalSection
EndGlobal
